
Microsoft Visual Studio Solution File, Format Version 12.00
# Visual Studio Version 16
VisualStudioVersion = 16.0.29926.136
MinimumVisualStudioVersion = 10.0.40219.1
Project("{9A19103F-16F7-4668-BE54-9A1E7A4F7556}") = "RentACar.WebAPI", "RentACar.WebAPI\RentACar.WebAPI.csproj", "{9FAB1085-ED21-4534-B606-4E06E4E6DB8D}"
EndProject
Project("{9A19103F-16F7-4668-BE54-9A1E7A4F7556}") = "RentACar.Model", "RentACar.Model\RentACar.Model.csproj", "{7C0CBD1B-409D-41CD-915E-5C76343BA86A}"
EndProject
Project("{2150E333-8FDC-42A3-9474-1A3956D46DE8}") = "UI", "UI", "{1508E65E-F9F5-4A64-A100-8FE6FC07C026}"
EndProject
Project("{FAE04EC0-301F-11D3-BF4B-00C04F79EFBC}") = "RentACar.WinUI", "RentACar.WinUI\RentACar.WinUI.csproj", "{B814C2AC-43D7-4809-9543-69FF28AC0B10}"
EndProject
Project("{2150E333-8FDC-42A3-9474-1A3956D46DE8}") = "Mobile", "Mobile", "{663B5BC3-3911-4B44-A971-28DFC86ACD57}"
EndProject
Project("{FAE04EC0-301F-11D3-BF4B-00C04F79EFBC}") = "RentACar.Mobile.UWP", "RentACar.Mobile\RentACar.Mobile.UWP\RentACar.Mobile.UWP.csproj", "{CDA4EB22-4F31-4063-AB21-D7AEE06DF05D}"
EndProject
Project("{FAE04EC0-301F-11D3-BF4B-00C04F79EFBC}") = "RentACar.Mobile.Android", "RentACar.Mobile\RentACar.Mobile.Android\RentACar.Mobile.Android.csproj", "{4B4BB36B-8742-4D02-A635-CA03AF6570FE}"
EndProject
Project("{FAE04EC0-301F-11D3-BF4B-00C04F79EFBC}") = "RentACar.Mobile.iOS", "RentACar.Mobile\RentACar.Mobile.iOS\RentACar.Mobile.iOS.csproj", "{E011FB90-7786-485E-9D1A-D755636F2FA9}"
EndProject
Project("{9A19103F-16F7-4668-BE54-9A1E7A4F7556}") = "RentACar.Mobile", "RentACar.Mobile\RentACar.Mobile\RentACar.Mobile.csproj", "{C477BBF6-7F0B-4DD6-ACD2-CCA10447818D}"
EndProject
Global
	GlobalSection(SolutionConfigurationPlatforms) = preSolution
		Debug|Any CPU = Debug|Any CPU
		Debug|ARM = Debug|ARM
		Debug|iPhone = Debug|iPhone
		Debug|iPhoneSimulator = Debug|iPhoneSimulator
		Debug|x64 = Debug|x64
		Debug|x86 = Debug|x86
		Release|Any CPU = Release|Any CPU
		Release|ARM = Release|ARM
		Release|iPhone = Release|iPhone
		Release|iPhoneSimulator = Release|iPhoneSimulator
		Release|x64 = Release|x64
		Release|x86 = Release|x86
	EndGlobalSection
	GlobalSection(ProjectConfigurationPlatforms) = postSolution
		{9FAB1085-ED21-4534-B606-4E06E4E6DB8D}.Debug|Any CPU.ActiveCfg = Debug|Any CPU
		{9FAB1085-ED21-4534-B606-4E06E4E6DB8D}.Debug|Any CPU.Build.0 = Debug|Any CPU
		{9FAB1085-ED21-4534-B606-4E06E4E6DB8D}.Debug|ARM.ActiveCfg = Debug|Any CPU
		{9FAB1085-ED21-4534-B606-4E06E4E6DB8D}.Debug|ARM.Build.0 = Debug|Any CPU
		{9FAB1085-ED21-4534-B606-4E06E4E6DB8D}.Debug|iPhone.ActiveCfg = Debug|Any CPU
		{9FAB1085-ED21-4534-B606-4E06E4E6DB8D}.Debug|iPhone.Build.0 = Debug|Any CPU
		{9FAB1085-ED21-4534-B606-4E06E4E6DB8D}.Debug|iPhoneSimulator.ActiveCfg = Debug|Any CPU
		{9FAB1085-ED21-4534-B606-4E06E4E6DB8D}.Debug|iPhoneSimulator.Build.0 = Debug|Any CPU
		{9FAB1085-ED21-4534-B606-4E06E4E6DB8D}.Debug|x64.ActiveCfg = Debug|Any CPU
		{9FAB1085-ED21-4534-B606-4E06E4E6DB8D}.Debug|x64.Build.0 = Debug|Any CPU
		{9FAB1085-ED21-4534-B606-4E06E4E6DB8D}.Debug|x86.ActiveCfg = Debug|Any CPU
		{9FAB1085-ED21-4534-B606-4E06E4E6DB8D}.Debug|x86.Build.0 = Debug|Any CPU
		{9FAB1085-ED21-4534-B606-4E06E4E6DB8D}.Release|Any CPU.ActiveCfg = Release|Any CPU
		{9FAB1085-ED21-4534-B606-4E06E4E6DB8D}.Release|Any CPU.Build.0 = Release|Any CPU
		{9FAB1085-ED21-4534-B606-4E06E4E6DB8D}.Release|ARM.ActiveCfg = Release|Any CPU
		{9FAB1085-ED21-4534-B606-4E06E4E6DB8D}.Release|ARM.Build.0 = Release|Any CPU
		{9FAB1085-ED21-4534-B606-4E06E4E6DB8D}.Release|iPhone.ActiveCfg = Release|Any CPU
		{9FAB1085-ED21-4534-B606-4E06E4E6DB8D}.Release|iPhone.Build.0 = Release|Any CPU
		{9FAB1085-ED21-4534-B606-4E06E4E6DB8D}.Release|iPhoneSimulator.ActiveCfg = Release|Any CPU
		{9FAB1085-ED21-4534-B606-4E06E4E6DB8D}.Release|iPhoneSimulator.Build.0 = Release|Any CPU
		{9FAB1085-ED21-4534-B606-4E06E4E6DB8D}.Release|x64.ActiveCfg = Release|Any CPU
		{9FAB1085-ED21-4534-B606-4E06E4E6DB8D}.Release|x64.Build.0 = Release|Any CPU
		{9FAB1085-ED21-4534-B606-4E06E4E6DB8D}.Release|x86.ActiveCfg = Release|Any CPU
		{9FAB1085-ED21-4534-B606-4E06E4E6DB8D}.Release|x86.Build.0 = Release|Any CPU
		{7C0CBD1B-409D-41CD-915E-5C76343BA86A}.Debug|Any CPU.ActiveCfg = Debug|Any CPU
		{7C0CBD1B-409D-41CD-915E-5C76343BA86A}.Debug|Any CPU.Build.0 = Debug|Any CPU
		{7C0CBD1B-409D-41CD-915E-5C76343BA86A}.Debug|ARM.ActiveCfg = Debug|Any CPU
		{7C0CBD1B-409D-41CD-915E-5C76343BA86A}.Debug|ARM.Build.0 = Debug|Any CPU
		{7C0CBD1B-409D-41CD-915E-5C76343BA86A}.Debug|iPhone.ActiveCfg = Debug|Any CPU
		{7C0CBD1B-409D-41CD-915E-5C76343BA86A}.Debug|iPhone.Build.0 = Debug|Any CPU
		{7C0CBD1B-409D-41CD-915E-5C76343BA86A}.Debug|iPhoneSimulator.ActiveCfg = Debug|Any CPU
		{7C0CBD1B-409D-41CD-915E-5C76343BA86A}.Debug|iPhoneSimulator.Build.0 = Debug|Any CPU
		{7C0CBD1B-409D-41CD-915E-5C76343BA86A}.Debug|x64.ActiveCfg = Debug|Any CPU
		{7C0CBD1B-409D-41CD-915E-5C76343BA86A}.Debug|x64.Build.0 = Debug|Any CPU
		{7C0CBD1B-409D-41CD-915E-5C76343BA86A}.Debug|x86.ActiveCfg = Debug|Any CPU
		{7C0CBD1B-409D-41CD-915E-5C76343BA86A}.Debug|x86.Build.0 = Debug|Any CPU
		{7C0CBD1B-409D-41CD-915E-5C76343BA86A}.Release|Any CPU.ActiveCfg = Release|Any CPU
		{7C0CBD1B-409D-41CD-915E-5C76343BA86A}.Release|Any CPU.Build.0 = Release|Any CPU
		{7C0CBD1B-409D-41CD-915E-5C76343BA86A}.Release|ARM.ActiveCfg = Release|Any CPU
		{7C0CBD1B-409D-41CD-915E-5C76343BA86A}.Release|ARM.Build.0 = Release|Any CPU
		{7C0CBD1B-409D-41CD-915E-5C76343BA86A}.Release|iPhone.ActiveCfg = Release|Any CPU
		{7C0CBD1B-409D-41CD-915E-5C76343BA86A}.Release|iPhone.Build.0 = Release|Any CPU
		{7C0CBD1B-409D-41CD-915E-5C76343BA86A}.Release|iPhoneSimulator.ActiveCfg = Release|Any CPU
		{7C0CBD1B-409D-41CD-915E-5C76343BA86A}.Release|iPhoneSimulator.Build.0 = Release|Any CPU
		{7C0CBD1B-409D-41CD-915E-5C76343BA86A}.Release|x64.ActiveCfg = Release|Any CPU
		{7C0CBD1B-409D-41CD-915E-5C76343BA86A}.Release|x64.Build.0 = Release|Any CPU
		{7C0CBD1B-409D-41CD-915E-5C76343BA86A}.Release|x86.ActiveCfg = Release|Any CPU
		{7C0CBD1B-409D-41CD-915E-5C76343BA86A}.Release|x86.Build.0 = Release|Any CPU
		{B814C2AC-43D7-4809-9543-69FF28AC0B10}.Debug|Any CPU.ActiveCfg = Debug|Any CPU
		{B814C2AC-43D7-4809-9543-69FF28AC0B10}.Debug|Any CPU.Build.0 = Debug|Any CPU
		{B814C2AC-43D7-4809-9543-69FF28AC0B10}.Debug|ARM.ActiveCfg = Debug|Any CPU
		{B814C2AC-43D7-4809-9543-69FF28AC0B10}.Debug|ARM.Build.0 = Debug|Any CPU
		{B814C2AC-43D7-4809-9543-69FF28AC0B10}.Debug|iPhone.ActiveCfg = Debug|Any CPU
		{B814C2AC-43D7-4809-9543-69FF28AC0B10}.Debug|iPhone.Build.0 = Debug|Any CPU
		{B814C2AC-43D7-4809-9543-69FF28AC0B10}.Debug|iPhoneSimulator.ActiveCfg = Debug|Any CPU
		{B814C2AC-43D7-4809-9543-69FF28AC0B10}.Debug|iPhoneSimulator.Build.0 = Debug|Any CPU
		{B814C2AC-43D7-4809-9543-69FF28AC0B10}.Debug|x64.ActiveCfg = Debug|Any CPU
		{B814C2AC-43D7-4809-9543-69FF28AC0B10}.Debug|x64.Build.0 = Debug|Any CPU
		{B814C2AC-43D7-4809-9543-69FF28AC0B10}.Debug|x86.ActiveCfg = Debug|Any CPU
		{B814C2AC-43D7-4809-9543-69FF28AC0B10}.Debug|x86.Build.0 = Debug|Any CPU
		{B814C2AC-43D7-4809-9543-69FF28AC0B10}.Release|Any CPU.ActiveCfg = Release|Any CPU
		{B814C2AC-43D7-4809-9543-69FF28AC0B10}.Release|Any CPU.Build.0 = Release|Any CPU
		{B814C2AC-43D7-4809-9543-69FF28AC0B10}.Release|ARM.ActiveCfg = Release|Any CPU
		{B814C2AC-43D7-4809-9543-69FF28AC0B10}.Release|ARM.Build.0 = Release|Any CPU
		{B814C2AC-43D7-4809-9543-69FF28AC0B10}.Release|iPhone.ActiveCfg = Release|Any CPU
		{B814C2AC-43D7-4809-9543-69FF28AC0B10}.Release|iPhone.Build.0 = Release|Any CPU
		{B814C2AC-43D7-4809-9543-69FF28AC0B10}.Release|iPhoneSimulator.ActiveCfg = Release|Any CPU
		{B814C2AC-43D7-4809-9543-69FF28AC0B10}.Release|iPhoneSimulator.Build.0 = Release|Any CPU
		{B814C2AC-43D7-4809-9543-69FF28AC0B10}.Release|x64.ActiveCfg = Release|Any CPU
		{B814C2AC-43D7-4809-9543-69FF28AC0B10}.Release|x64.Build.0 = Release|Any CPU
		{B814C2AC-43D7-4809-9543-69FF28AC0B10}.Release|x86.ActiveCfg = Release|Any CPU
		{B814C2AC-43D7-4809-9543-69FF28AC0B10}.Release|x86.Build.0 = Release|Any CPU
		{CDA4EB22-4F31-4063-AB21-D7AEE06DF05D}.Debug|Any CPU.ActiveCfg = Debug|x86
		{CDA4EB22-4F31-4063-AB21-D7AEE06DF05D}.Debug|ARM.ActiveCfg = Debug|ARM
		{CDA4EB22-4F31-4063-AB21-D7AEE06DF05D}.Debug|ARM.Build.0 = Debug|ARM
		{CDA4EB22-4F31-4063-AB21-D7AEE06DF05D}.Debug|ARM.Deploy.0 = Debug|ARM
		{CDA4EB22-4F31-4063-AB21-D7AEE06DF05D}.Debug|iPhone.ActiveCfg = Debug|x86
		{CDA4EB22-4F31-4063-AB21-D7AEE06DF05D}.Debug|iPhoneSimulator.ActiveCfg = Debug|x86
		{CDA4EB22-4F31-4063-AB21-D7AEE06DF05D}.Debug|x64.ActiveCfg = Debug|x64
		{CDA4EB22-4F31-4063-AB21-D7AEE06DF05D}.Debug|x64.Build.0 = Debug|x64
		{CDA4EB22-4F31-4063-AB21-D7AEE06DF05D}.Debug|x64.Deploy.0 = Debug|x64
		{CDA4EB22-4F31-4063-AB21-D7AEE06DF05D}.Debug|x86.ActiveCfg = Debug|x86
		{CDA4EB22-4F31-4063-AB21-D7AEE06DF05D}.Debug|x86.Build.0 = Debug|x86
		{CDA4EB22-4F31-4063-AB21-D7AEE06DF05D}.Debug|x86.Deploy.0 = Debug|x86
		{CDA4EB22-4F31-4063-AB21-D7AEE06DF05D}.Release|Any CPU.ActiveCfg = Release|x86
		{CDA4EB22-4F31-4063-AB21-D7AEE06DF05D}.Release|ARM.ActiveCfg = Release|ARM
		{CDA4EB22-4F31-4063-AB21-D7AEE06DF05D}.Release|ARM.Build.0 = Release|ARM
		{CDA4EB22-4F31-4063-AB21-D7AEE06DF05D}.Release|ARM.Deploy.0 = Release|ARM
		{CDA4EB22-4F31-4063-AB21-D7AEE06DF05D}.Release|iPhone.ActiveCfg = Release|x86
		{CDA4EB22-4F31-4063-AB21-D7AEE06DF05D}.Release|iPhoneSimulator.ActiveCfg = Release|x86
		{CDA4EB22-4F31-4063-AB21-D7AEE06DF05D}.Release|x64.ActiveCfg = Release|x64
		{CDA4EB22-4F31-4063-AB21-D7AEE06DF05D}.Release|x64.Build.0 = Release|x64
		{CDA4EB22-4F31-4063-AB21-D7AEE06DF05D}.Release|x64.Deploy.0 = Release|x64
		{CDA4EB22-4F31-4063-AB21-D7AEE06DF05D}.Release|x86.ActiveCfg = Release|x86
		{CDA4EB22-4F31-4063-AB21-D7AEE06DF05D}.Release|x86.Build.0 = Release|x86
		{CDA4EB22-4F31-4063-AB21-D7AEE06DF05D}.Release|x86.Deploy.0 = Release|x86
		{4B4BB36B-8742-4D02-A635-CA03AF6570FE}.Debug|Any CPU.ActiveCfg = Debug|Any CPU
		{4B4BB36B-8742-4D02-A635-CA03AF6570FE}.Debug|Any CPU.Build.0 = Debug|Any CPU
		{4B4BB36B-8742-4D02-A635-CA03AF6570FE}.Debug|Any CPU.Deploy.0 = Debug|Any CPU
		{4B4BB36B-8742-4D02-A635-CA03AF6570FE}.Debug|ARM.ActiveCfg = Debug|Any CPU
		{4B4BB36B-8742-4D02-A635-CA03AF6570FE}.Debug|ARM.Build.0 = Debug|Any CPU
		{4B4BB36B-8742-4D02-A635-CA03AF6570FE}.Debug|ARM.Deploy.0 = Debug|Any CPU
		{4B4BB36B-8742-4D02-A635-CA03AF6570FE}.Debug|iPhone.ActiveCfg = Debug|Any CPU
		{4B4BB36B-8742-4D02-A635-CA03AF6570FE}.Debug|iPhone.Build.0 = Debug|Any CPU
		{4B4BB36B-8742-4D02-A635-CA03AF6570FE}.Debug|iPhone.Deploy.0 = Debug|Any CPU
		{4B4BB36B-8742-4D02-A635-CA03AF6570FE}.Debug|iPhoneSimulator.ActiveCfg = Debug|Any CPU
		{4B4BB36B-8742-4D02-A635-CA03AF6570FE}.Debug|iPhoneSimulator.Build.0 = Debug|Any CPU
		{4B4BB36B-8742-4D02-A635-CA03AF6570FE}.Debug|iPhoneSimulator.Deploy.0 = Debug|Any CPU
		{4B4BB36B-8742-4D02-A635-CA03AF6570FE}.Debug|x64.ActiveCfg = Debug|Any CPU
		{4B4BB36B-8742-4D02-A635-CA03AF6570FE}.Debug|x64.Build.0 = Debug|Any CPU
		{4B4BB36B-8742-4D02-A635-CA03AF6570FE}.Debug|x64.Deploy.0 = Debug|Any CPU
		{4B4BB36B-8742-4D02-A635-CA03AF6570FE}.Debug|x86.ActiveCfg = Debug|Any CPU
		{4B4BB36B-8742-4D02-A635-CA03AF6570FE}.Debug|x86.Build.0 = Debug|Any CPU
		{4B4BB36B-8742-4D02-A635-CA03AF6570FE}.Debug|x86.Deploy.0 = Debug|Any CPU
		{4B4BB36B-8742-4D02-A635-CA03AF6570FE}.Release|Any CPU.ActiveCfg = Release|Any CPU
		{4B4BB36B-8742-4D02-A635-CA03AF6570FE}.Release|Any CPU.Build.0 = Release|Any CPU
		{4B4BB36B-8742-4D02-A635-CA03AF6570FE}.Release|Any CPU.Deploy.0 = Release|Any CPU
		{4B4BB36B-8742-4D02-A635-CA03AF6570FE}.Release|ARM.ActiveCfg = Release|Any CPU
		{4B4BB36B-8742-4D02-A635-CA03AF6570FE}.Release|ARM.Build.0 = Release|Any CPU
		{4B4BB36B-8742-4D02-A635-CA03AF6570FE}.Release|ARM.Deploy.0 = Release|Any CPU
		{4B4BB36B-8742-4D02-A635-CA03AF6570FE}.Release|iPhone.ActiveCfg = Release|Any CPU
		{4B4BB36B-8742-4D02-A635-CA03AF6570FE}.Release|iPhone.Build.0 = Release|Any CPU
		{4B4BB36B-8742-4D02-A635-CA03AF6570FE}.Release|iPhone.Deploy.0 = Release|Any CPU
		{4B4BB36B-8742-4D02-A635-CA03AF6570FE}.Release|iPhoneSimulator.ActiveCfg = Release|Any CPU
		{4B4BB36B-8742-4D02-A635-CA03AF6570FE}.Release|iPhoneSimulator.Build.0 = Release|Any CPU
		{4B4BB36B-8742-4D02-A635-CA03AF6570FE}.Release|iPhoneSimulator.Deploy.0 = Release|Any CPU
		{4B4BB36B-8742-4D02-A635-CA03AF6570FE}.Release|x64.ActiveCfg = Release|Any CPU
		{4B4BB36B-8742-4D02-A635-CA03AF6570FE}.Release|x64.Build.0 = Release|Any CPU
		{4B4BB36B-8742-4D02-A635-CA03AF6570FE}.Release|x64.Deploy.0 = Release|Any CPU
		{4B4BB36B-8742-4D02-A635-CA03AF6570FE}.Release|x86.ActiveCfg = Release|Any CPU
		{4B4BB36B-8742-4D02-A635-CA03AF6570FE}.Release|x86.Build.0 = Release|Any CPU
		{4B4BB36B-8742-4D02-A635-CA03AF6570FE}.Release|x86.Deploy.0 = Release|Any CPU
		{E011FB90-7786-485E-9D1A-D755636F2FA9}.Debug|Any CPU.ActiveCfg = Debug|iPhone
		{E011FB90-7786-485E-9D1A-D755636F2FA9}.Debug|ARM.ActiveCfg = Debug|iPhone
		{E011FB90-7786-485E-9D1A-D755636F2FA9}.Debug|iPhone.ActiveCfg = Debug|iPhone
		{E011FB90-7786-485E-9D1A-D755636F2FA9}.Debug|iPhone.Build.0 = Debug|iPhone
		{E011FB90-7786-485E-9D1A-D755636F2FA9}.Debug|iPhoneSimulator.ActiveCfg = Debug|iPhoneSimulator
		{E011FB90-7786-485E-9D1A-D755636F2FA9}.Debug|iPhoneSimulator.Build.0 = Debug|iPhoneSimulator
		{E011FB90-7786-485E-9D1A-D755636F2FA9}.Debug|x64.ActiveCfg = Debug|iPhone
		{E011FB90-7786-485E-9D1A-D755636F2FA9}.Debug|x86.ActiveCfg = Debug|iPhone
		{E011FB90-7786-485E-9D1A-D755636F2FA9}.Release|Any CPU.ActiveCfg = Release|iPhone
		{E011FB90-7786-485E-9D1A-D755636F2FA9}.Release|ARM.ActiveCfg = Release|iPhone
		{E011FB90-7786-485E-9D1A-D755636F2FA9}.Release|iPhone.ActiveCfg = Release|iPhone
		{E011FB90-7786-485E-9D1A-D755636F2FA9}.Release|iPhone.Build.0 = Release|iPhone
		{E011FB90-7786-485E-9D1A-D755636F2FA9}.Release|iPhoneSimulator.ActiveCfg = Release|iPhoneSimulator
		{E011FB90-7786-485E-9D1A-D755636F2FA9}.Release|iPhoneSimulator.Build.0 = Release|iPhoneSimulator
		{E011FB90-7786-485E-9D1A-D755636F2FA9}.Release|x64.ActiveCfg = Release|iPhone
		{E011FB90-7786-485E-9D1A-D755636F2FA9}.Release|x86.ActiveCfg = Release|iPhone
		{C477BBF6-7F0B-4DD6-ACD2-CCA10447818D}.Debug|Any CPU.ActiveCfg = Debug|Any CPU
		{C477BBF6-7F0B-4DD6-ACD2-CCA10447818D}.Debug|Any CPU.Build.0 = Debug|Any CPU
		{C477BBF6-7F0B-4DD6-ACD2-CCA10447818D}.Debug|ARM.ActiveCfg = Debug|Any CPU
		{C477BBF6-7F0B-4DD6-ACD2-CCA10447818D}.Debug|ARM.Build.0 = Debug|Any CPU
		{C477BBF6-7F0B-4DD6-ACD2-CCA10447818D}.Debug|iPhone.ActiveCfg = Debug|Any CPU
		{C477BBF6-7F0B-4DD6-ACD2-CCA10447818D}.Debug|iPhone.Build.0 = Debug|Any CPU
		{C477BBF6-7F0B-4DD6-ACD2-CCA10447818D}.Debug|iPhoneSimulator.ActiveCfg = Debug|Any CPU
		{C477BBF6-7F0B-4DD6-ACD2-CCA10447818D}.Debug|iPhoneSimulator.Build.0 = Debug|Any CPU
		{C477BBF6-7F0B-4DD6-ACD2-CCA10447818D}.Debug|x64.ActiveCfg = Debug|Any CPU
		{C477BBF6-7F0B-4DD6-ACD2-CCA10447818D}.Debug|x64.Build.0 = Debug|Any CPU
		{C477BBF6-7F0B-4DD6-ACD2-CCA10447818D}.Debug|x86.ActiveCfg = Debug|Any CPU
		{C477BBF6-7F0B-4DD6-ACD2-CCA10447818D}.Debug|x86.Build.0 = Debug|Any CPU
		{C477BBF6-7F0B-4DD6-ACD2-CCA10447818D}.Release|Any CPU.ActiveCfg = Release|Any CPU
		{C477BBF6-7F0B-4DD6-ACD2-CCA10447818D}.Release|Any CPU.Build.0 = Release|Any CPU
		{C477BBF6-7F0B-4DD6-ACD2-CCA10447818D}.Release|ARM.ActiveCfg = Release|Any CPU
		{C477BBF6-7F0B-4DD6-ACD2-CCA10447818D}.Release|ARM.Build.0 = Release|Any CPU
		{C477BBF6-7F0B-4DD6-ACD2-CCA10447818D}.Release|iPhone.ActiveCfg = Release|Any CPU
		{C477BBF6-7F0B-4DD6-ACD2-CCA10447818D}.Release|iPhone.Build.0 = Release|Any CPU
		{C477BBF6-7F0B-4DD6-ACD2-CCA10447818D}.Release|iPhoneSimulator.ActiveCfg = Release|Any CPU
		{C477BBF6-7F0B-4DD6-ACD2-CCA10447818D}.Release|iPhoneSimulator.Build.0 = Release|Any CPU
		{C477BBF6-7F0B-4DD6-ACD2-CCA10447818D}.Release|x64.ActiveCfg = Release|Any CPU
		{C477BBF6-7F0B-4DD6-ACD2-CCA10447818D}.Release|x64.Build.0 = Release|Any CPU
		{C477BBF6-7F0B-4DD6-ACD2-CCA10447818D}.Release|x86.ActiveCfg = Release|Any CPU
		{C477BBF6-7F0B-4DD6-ACD2-CCA10447818D}.Release|x86.Build.0 = Release|Any CPU
	EndGlobalSection
	GlobalSection(SolutionProperties) = preSolution
		HideSolutionNode = FALSE
	EndGlobalSection
	GlobalSection(NestedProjects) = preSolution
		{B814C2AC-43D7-4809-9543-69FF28AC0B10} = {1508E65E-F9F5-4A64-A100-8FE6FC07C026}
		{CDA4EB22-4F31-4063-AB21-D7AEE06DF05D} = {663B5BC3-3911-4B44-A971-28DFC86ACD57}
		{4B4BB36B-8742-4D02-A635-CA03AF6570FE} = {663B5BC3-3911-4B44-A971-28DFC86ACD57}
		{E011FB90-7786-485E-9D1A-D755636F2FA9} = {663B5BC3-3911-4B44-A971-28DFC86ACD57}
		{C477BBF6-7F0B-4DD6-ACD2-CCA10447818D} = {663B5BC3-3911-4B44-A971-28DFC86ACD57}
	EndGlobalSection
	GlobalSection(ExtensibilityGlobals) = postSolution
		SolutionGuid = {27463A1F-C966-4C63-967B-10117A4F98FA}
	EndGlobalSection
EndGlobal
